
Microsoft Visual Studio Solution File, Format Version 12.00
# Visual Studio Version 17
VisualStudioVersion = 17.1.32228.430
MinimumVisualStudioVersion = 10.0.40219.1
Project("{2150E333-8FDC-42A3-9474-1A3956D46DE8}") = "Solution Items", "Solution Items", "{839BA2CE-493B-4BA2-9FCF-BC8032B279B6}"
	ProjectSection(SolutionItems) = preProject
		docker-compose-test-environment.yml = docker-compose-test-environment.yml
		README.md = README.md
	EndProjectSection
EndProject
Project("{9A19103F-16F7-4668-BE54-9A1E7A4F7556}") = "ContactManager.MessageBus.Messages", "ContactManager.MessageBus.Messages\ContactManager.MessageBus.Messages.csproj", "{1DF30A6F-96A3-4247-8CD5-7DB0160A7AF2}"
EndProject
Project("{9A19103F-16F7-4668-BE54-9A1E7A4F7556}") = "ContactManager.Common", "ContactManager.Common\ContactManager.Common.csproj", "{7A85ABD1-CBCB-457C-8A6A-512B0CE23D19}"
EndProject
Project("{9A19103F-16F7-4668-BE54-9A1E7A4F7556}") = "ContactManager.DataProvider", "ContactManager.DataProvider\ContactManager.DataProvider.csproj", "{9C82EF0C-E26D-4AD4-9C12-96D8E06F451A}"
EndProject
Project("{9A19103F-16F7-4668-BE54-9A1E7A4F7556}") = "ContactManager.Api", "ContactManager.Api\ContactManager.Api.csproj", "{03A2DA2A-AB3C-47A6-8EE9-F4B430C5DD27}"
EndProject
Project("{9A19103F-16F7-4668-BE54-9A1E7A4F7556}") = "ContactManager.MessageBus.Messages.Tests", "ContactManager.MessageBus.Messages.Tests\ContactManager.MessageBus.Messages.Tests.csproj", "{208507DA-C6A0-4A88-8DD7-6CDBB7CAF740}"
EndProject
Project("{9A19103F-16F7-4668-BE54-9A1E7A4F7556}") = "ContactManager.Api.Tests", "ContactManager.Api.Tests\ContactManager.Api.Tests.csproj", "{032AF30B-90F7-414D-8A33-FA11D5F7DFAE}"
EndProject
Global
	GlobalSection(SolutionConfigurationPlatforms) = preSolution
		Debug|Any CPU = Debug|Any CPU
		Release|Any CPU = Release|Any CPU
	EndGlobalSection
	GlobalSection(ProjectConfigurationPlatforms) = postSolution
		{1DF30A6F-96A3-4247-8CD5-7DB0160A7AF2}.Debug|Any CPU.ActiveCfg = Debug|Any CPU
		{1DF30A6F-96A3-4247-8CD5-7DB0160A7AF2}.Debug|Any CPU.Build.0 = Debug|Any CPU
		{1DF30A6F-96A3-4247-8CD5-7DB0160A7AF2}.Release|Any CPU.ActiveCfg = Release|Any CPU
		{1DF30A6F-96A3-4247-8CD5-7DB0160A7AF2}.Release|Any CPU.Build.0 = Release|Any CPU
		{7A85ABD1-CBCB-457C-8A6A-512B0CE23D19}.Debug|Any CPU.ActiveCfg = Debug|Any CPU
		{7A85ABD1-CBCB-457C-8A6A-512B0CE23D19}.Debug|Any CPU.Build.0 = Debug|Any CPU
		{7A85ABD1-CBCB-457C-8A6A-512B0CE23D19}.Release|Any CPU.ActiveCfg = Release|Any CPU
		{7A85ABD1-CBCB-457C-8A6A-512B0CE23D19}.Release|Any CPU.Build.0 = Release|Any CPU
		{9C82EF0C-E26D-4AD4-9C12-96D8E06F451A}.Debug|Any CPU.ActiveCfg = Debug|Any CPU
		{9C82EF0C-E26D-4AD4-9C12-96D8E06F451A}.Debug|Any CPU.Build.0 = Debug|Any CPU
		{9C82EF0C-E26D-4AD4-9C12-96D8E06F451A}.Release|Any CPU.ActiveCfg = Release|Any CPU
		{9C82EF0C-E26D-4AD4-9C12-96D8E06F451A}.Release|Any CPU.Build.0 = Release|Any CPU
		{03A2DA2A-AB3C-47A6-8EE9-F4B430C5DD27}.Debug|Any CPU.ActiveCfg = Debug|Any CPU
		{03A2DA2A-AB3C-47A6-8EE9-F4B430C5DD27}.Debug|Any CPU.Build.0 = Debug|Any CPU
		{03A2DA2A-AB3C-47A6-8EE9-F4B430C5DD27}.Release|Any CPU.ActiveCfg = Release|Any CPU
		{03A2DA2A-AB3C-47A6-8EE9-F4B430C5DD27}.Release|Any CPU.Build.0 = Release|Any CPU
		{208507DA-C6A0-4A88-8DD7-6CDBB7CAF740}.Debug|Any CPU.ActiveCfg = Debug|Any CPU
		{208507DA-C6A0-4A88-8DD7-6CDBB7CAF740}.Debug|Any CPU.Build.0 = Debug|Any CPU
		{208507DA-C6A0-4A88-8DD7-6CDBB7CAF740}.Release|Any CPU.ActiveCfg = Release|Any CPU
		{208507DA-C6A0-4A88-8DD7-6CDBB7CAF740}.Release|Any CPU.Build.0 = Release|Any CPU
		{032AF30B-90F7-414D-8A33-FA11D5F7DFAE}.Debug|Any CPU.ActiveCfg = Debug|Any CPU
		{032AF30B-90F7-414D-8A33-FA11D5F7DFAE}.Debug|Any CPU.Build.0 = Debug|Any CPU
		{032AF30B-90F7-414D-8A33-FA11D5F7DFAE}.Release|Any CPU.ActiveCfg = Release|Any CPU
		{032AF30B-90F7-414D-8A33-FA11D5F7DFAE}.Release|Any CPU.Build.0 = Release|Any CPU
	EndGlobalSection
	GlobalSection(SolutionProperties) = preSolution
		HideSolutionNode = FALSE
	EndGlobalSection
	GlobalSection(ExtensibilityGlobals) = postSolution
		SolutionGuid = {A210C62F-8327-41D4-A2BA-D454565D2D65}
	EndGlobalSection
EndGlobal
